
Microsoft Visual Studio Solution File, Format Version 12.00
# Visual Studio Version 17
VisualStudioVersion = 17.0.31815.197
MinimumVisualStudioVersion = 10.0.40219.1
Project("{2150E333-8FDC-42A3-9474-1A3956D46DE8}") = "FindOddNumber", "FindOddNumber", "{957DF0D6-1D26-43F1-B856-51FEBB898C08}"
EndProject
Project("{9A19103F-16F7-4668-BE54-9A1E7A4F7556}") = "FindOddNumber", "FindOddNumber\FindOddNumber.csproj", "{B947E358-8384-4D08-B3BA-BB1D836D2089}"
EndProject
Project("{2150E333-8FDC-42A3-9474-1A3956D46DE8}") = "FindCharDifference", "FindCharDifference", "{27128F98-F74A-4E99-88A5-19B024D0CF8E}"
EndProject
Project("{9A19103F-16F7-4668-BE54-9A1E7A4F7556}") = "FindCharDifference", "FindCharDifference\FindCharDifference.csproj", "{1039E51D-03CD-4E4B-8C89-9417ADB3606D}"
EndProject
Project("{2150E333-8FDC-42A3-9474-1A3956D46DE8}") = "GradingStudent", "GradingStudent", "{2A949345-7EA4-48DA-9A62-FFF80BA1CC5B}"
EndProject
Project("{9A19103F-16F7-4668-BE54-9A1E7A4F7556}") = "GradingStudent", "GradingStudent\GradingStudent.csproj", "{FE07B661-C1AF-4E3E-AFB3-09072831AC57}"
EndProject
Project("{2150E333-8FDC-42A3-9474-1A3956D46DE8}") = "TimeConversion", "TimeConversion", "{C7D69326-E0BF-4082-A79C-F76254C6A789}"
EndProject
Project("{9A19103F-16F7-4668-BE54-9A1E7A4F7556}") = "TimeConversion", "TimeConversion\TimeConversion.csproj", "{22BCF0A3-DFED-4B25-84FE-94B66AF64BB3}"
EndProject
Project("{2150E333-8FDC-42A3-9474-1A3956D46DE8}") = "MigratoryBirds", "MigratoryBirds", "{8804B34B-1E0B-4FA3-B6B1-6F9E6FCAED40}"
EndProject
Project("{9A19103F-16F7-4668-BE54-9A1E7A4F7556}") = "MigratoryBirds", "MigratoryBirds\MigratoryBirds.csproj", "{83D65E3E-D56F-42F6-BA82-81DCD521E98D}"
EndProject
Project("{2150E333-8FDC-42A3-9474-1A3956D46DE8}") = "FindPerfectNumber", "FindPerfectNumber", "{3B342273-28B3-40CC-A6C1-4619B64481A6}"
EndProject
Project("{9A19103F-16F7-4668-BE54-9A1E7A4F7556}") = "FindPerfectNumber", "FindPerfectNumber\FindPerfectNumber.csproj", "{9D197342-7DB0-47FE-9F34-F7214D57A933}"
EndProject
Project("{2150E333-8FDC-42A3-9474-1A3956D46DE8}") = "FindPrimeNumber", "FindPrimeNumber", "{63C57FC9-A918-42B9-A42C-E9B87B5C494F}"
EndProject
Project("{9A19103F-16F7-4668-BE54-9A1E7A4F7556}") = "FindPrimeNumber", "FindPrimeNumber\FindPrimeNumber.csproj", "{5A79C430-F8E6-457D-B32F-77F61359AD05}"
EndProject
Project("{2150E333-8FDC-42A3-9474-1A3956D46DE8}") = "FindFibonacciNumbers", "FindFibonacciNumbers", "{F3420B84-B41A-466E-8F32-4DC6CABD5A4E}"
EndProject
Project("{9A19103F-16F7-4668-BE54-9A1E7A4F7556}") = "FindFibonacciNumbers", "FindFibonacciNumbers\FindFibonacciNumbers.csproj", "{F985A16D-97B1-4E46-BC28-0C005446BA75}"
EndProject
Project("{2150E333-8FDC-42A3-9474-1A3956D46DE8}") = "RandomNumber", "RandomNumber", "{F66322FA-C8C7-4BA9-A8AC-31B4284C5937}"
EndProject
Project("{9A19103F-16F7-4668-BE54-9A1E7A4F7556}") = "RandomNumber", "RandomNumber\RandomNumber.csproj", "{344459DB-D368-4A9A-B492-AF56ECCA0E24}"
EndProject
Project("{2150E333-8FDC-42A3-9474-1A3956D46DE8}") = "CharTree", "CharTree", "{0DACD291-0352-4C71-A97B-18BF3E866B52}"
EndProject
Project("{9A19103F-16F7-4668-BE54-9A1E7A4F7556}") = "CharTree", "CharTree\CharTree.csproj", "{349A6849-DDD1-4EB7-8E02-30DD7E45209E}"
EndProject
Project("{2150E333-8FDC-42A3-9474-1A3956D46DE8}") = "PalindromeNumber", "PalindromeNumber", "{7FB43FA6-BA4F-4EE7-AFBD-D40ACDE4B4E7}"
EndProject
Project("{FAE04EC0-301F-11D3-BF4B-00C04F79EFBC}") = "PalindromeNumber", "PalindromeNumber\PalindromeNumber.csproj", "{34385A24-DEC4-438D-A203-5A203BAE2829}"
EndProject
Project("{2150E333-8FDC-42A3-9474-1A3956D46DE8}") = "RomanToInteger", "RomanToInteger", "{4EEEC1A0-C833-4CE8-B584-1F2DAFA3CD05}"
EndProject
Project("{FAE04EC0-301F-11D3-BF4B-00C04F79EFBC}") = "RomanToInteger", "RomanToInteger\RomanToInteger.csproj", "{C9E852E2-9FCA-4C4D-B7F3-E9D0EF1C5355}"
EndProject
Project("{2150E333-8FDC-42A3-9474-1A3956D46DE8}") = "ValidParentheses", "ValidParentheses", "{4F93CA27-4A94-47A5-B32B-B83C38EBAD64}"
EndProject
Project("{FAE04EC0-301F-11D3-BF4B-00C04F79EFBC}") = "ValidParentheses", "ValidParentheses\ValidParentheses.csproj", "{DDAC07FD-CA67-4E33-874E-3AA794ECF37F}"
EndProject
Global
	GlobalSection(SolutionConfigurationPlatforms) = preSolution
		Debug|Any CPU = Debug|Any CPU
		Release|Any CPU = Release|Any CPU
	EndGlobalSection
	GlobalSection(ProjectConfigurationPlatforms) = postSolution
		{B947E358-8384-4D08-B3BA-BB1D836D2089}.Debug|Any CPU.ActiveCfg = Debug|Any CPU
		{B947E358-8384-4D08-B3BA-BB1D836D2089}.Debug|Any CPU.Build.0 = Debug|Any CPU
		{B947E358-8384-4D08-B3BA-BB1D836D2089}.Release|Any CPU.ActiveCfg = Release|Any CPU
		{B947E358-8384-4D08-B3BA-BB1D836D2089}.Release|Any CPU.Build.0 = Release|Any CPU
		{1039E51D-03CD-4E4B-8C89-9417ADB3606D}.Debug|Any CPU.ActiveCfg = Debug|Any CPU
		{1039E51D-03CD-4E4B-8C89-9417ADB3606D}.Debug|Any CPU.Build.0 = Debug|Any CPU
		{1039E51D-03CD-4E4B-8C89-9417ADB3606D}.Release|Any CPU.ActiveCfg = Release|Any CPU
		{1039E51D-03CD-4E4B-8C89-9417ADB3606D}.Release|Any CPU.Build.0 = Release|Any CPU
		{FE07B661-C1AF-4E3E-AFB3-09072831AC57}.Debug|Any CPU.ActiveCfg = Debug|Any CPU
		{FE07B661-C1AF-4E3E-AFB3-09072831AC57}.Debug|Any CPU.Build.0 = Debug|Any CPU
		{FE07B661-C1AF-4E3E-AFB3-09072831AC57}.Release|Any CPU.ActiveCfg = Release|Any CPU
		{FE07B661-C1AF-4E3E-AFB3-09072831AC57}.Release|Any CPU.Build.0 = Release|Any CPU
		{22BCF0A3-DFED-4B25-84FE-94B66AF64BB3}.Debug|Any CPU.ActiveCfg = Debug|Any CPU
		{22BCF0A3-DFED-4B25-84FE-94B66AF64BB3}.Debug|Any CPU.Build.0 = Debug|Any CPU
		{22BCF0A3-DFED-4B25-84FE-94B66AF64BB3}.Release|Any CPU.ActiveCfg = Release|Any CPU
		{22BCF0A3-DFED-4B25-84FE-94B66AF64BB3}.Release|Any CPU.Build.0 = Release|Any CPU
		{83D65E3E-D56F-42F6-BA82-81DCD521E98D}.Debug|Any CPU.ActiveCfg = Debug|Any CPU
		{83D65E3E-D56F-42F6-BA82-81DCD521E98D}.Debug|Any CPU.Build.0 = Debug|Any CPU
		{83D65E3E-D56F-42F6-BA82-81DCD521E98D}.Release|Any CPU.ActiveCfg = Release|Any CPU
		{83D65E3E-D56F-42F6-BA82-81DCD521E98D}.Release|Any CPU.Build.0 = Release|Any CPU
		{9D197342-7DB0-47FE-9F34-F7214D57A933}.Debug|Any CPU.ActiveCfg = Debug|Any CPU
		{9D197342-7DB0-47FE-9F34-F7214D57A933}.Debug|Any CPU.Build.0 = Debug|Any CPU
		{9D197342-7DB0-47FE-9F34-F7214D57A933}.Release|Any CPU.ActiveCfg = Release|Any CPU
		{9D197342-7DB0-47FE-9F34-F7214D57A933}.Release|Any CPU.Build.0 = Release|Any CPU
		{5A79C430-F8E6-457D-B32F-77F61359AD05}.Debug|Any CPU.ActiveCfg = Debug|Any CPU
		{5A79C430-F8E6-457D-B32F-77F61359AD05}.Debug|Any CPU.Build.0 = Debug|Any CPU
		{5A79C430-F8E6-457D-B32F-77F61359AD05}.Release|Any CPU.ActiveCfg = Release|Any CPU
		{5A79C430-F8E6-457D-B32F-77F61359AD05}.Release|Any CPU.Build.0 = Release|Any CPU
		{F985A16D-97B1-4E46-BC28-0C005446BA75}.Debug|Any CPU.ActiveCfg = Debug|Any CPU
		{F985A16D-97B1-4E46-BC28-0C005446BA75}.Debug|Any CPU.Build.0 = Debug|Any CPU
		{F985A16D-97B1-4E46-BC28-0C005446BA75}.Release|Any CPU.ActiveCfg = Release|Any CPU
		{F985A16D-97B1-4E46-BC28-0C005446BA75}.Release|Any CPU.Build.0 = Release|Any CPU
		{344459DB-D368-4A9A-B492-AF56ECCA0E24}.Debug|Any CPU.ActiveCfg = Debug|Any CPU
		{344459DB-D368-4A9A-B492-AF56ECCA0E24}.Debug|Any CPU.Build.0 = Debug|Any CPU
		{344459DB-D368-4A9A-B492-AF56ECCA0E24}.Release|Any CPU.ActiveCfg = Release|Any CPU
		{344459DB-D368-4A9A-B492-AF56ECCA0E24}.Release|Any CPU.Build.0 = Release|Any CPU
		{349A6849-DDD1-4EB7-8E02-30DD7E45209E}.Debug|Any CPU.ActiveCfg = Debug|Any CPU
		{349A6849-DDD1-4EB7-8E02-30DD7E45209E}.Debug|Any CPU.Build.0 = Debug|Any CPU
		{349A6849-DDD1-4EB7-8E02-30DD7E45209E}.Release|Any CPU.ActiveCfg = Release|Any CPU
		{349A6849-DDD1-4EB7-8E02-30DD7E45209E}.Release|Any CPU.Build.0 = Release|Any CPU
		{34385A24-DEC4-438D-A203-5A203BAE2829}.Debug|Any CPU.ActiveCfg = Debug|Any CPU
		{34385A24-DEC4-438D-A203-5A203BAE2829}.Debug|Any CPU.Build.0 = Debug|Any CPU
		{34385A24-DEC4-438D-A203-5A203BAE2829}.Release|Any CPU.ActiveCfg = Release|Any CPU
		{34385A24-DEC4-438D-A203-5A203BAE2829}.Release|Any CPU.Build.0 = Release|Any CPU
		{C9E852E2-9FCA-4C4D-B7F3-E9D0EF1C5355}.Debug|Any CPU.ActiveCfg = Debug|Any CPU
		{C9E852E2-9FCA-4C4D-B7F3-E9D0EF1C5355}.Debug|Any CPU.Build.0 = Debug|Any CPU
		{C9E852E2-9FCA-4C4D-B7F3-E9D0EF1C5355}.Release|Any CPU.ActiveCfg = Release|Any CPU
		{C9E852E2-9FCA-4C4D-B7F3-E9D0EF1C5355}.Release|Any CPU.Build.0 = Release|Any CPU
		{DDAC07FD-CA67-4E33-874E-3AA794ECF37F}.Debug|Any CPU.ActiveCfg = Debug|Any CPU
		{DDAC07FD-CA67-4E33-874E-3AA794ECF37F}.Debug|Any CPU.Build.0 = Debug|Any CPU
		{DDAC07FD-CA67-4E33-874E-3AA794ECF37F}.Release|Any CPU.ActiveCfg = Release|Any CPU
		{DDAC07FD-CA67-4E33-874E-3AA794ECF37F}.Release|Any CPU.Build.0 = Release|Any CPU
	EndGlobalSection
	GlobalSection(SolutionProperties) = preSolution
		HideSolutionNode = FALSE
	EndGlobalSection
	GlobalSection(NestedProjects) = preSolution
		{B947E358-8384-4D08-B3BA-BB1D836D2089} = {957DF0D6-1D26-43F1-B856-51FEBB898C08}
		{1039E51D-03CD-4E4B-8C89-9417ADB3606D} = {27128F98-F74A-4E99-88A5-19B024D0CF8E}
		{FE07B661-C1AF-4E3E-AFB3-09072831AC57} = {2A949345-7EA4-48DA-9A62-FFF80BA1CC5B}
		{22BCF0A3-DFED-4B25-84FE-94B66AF64BB3} = {C7D69326-E0BF-4082-A79C-F76254C6A789}
		{83D65E3E-D56F-42F6-BA82-81DCD521E98D} = {8804B34B-1E0B-4FA3-B6B1-6F9E6FCAED40}
		{9D197342-7DB0-47FE-9F34-F7214D57A933} = {3B342273-28B3-40CC-A6C1-4619B64481A6}
		{5A79C430-F8E6-457D-B32F-77F61359AD05} = {63C57FC9-A918-42B9-A42C-E9B87B5C494F}
		{F985A16D-97B1-4E46-BC28-0C005446BA75} = {F3420B84-B41A-466E-8F32-4DC6CABD5A4E}
		{344459DB-D368-4A9A-B492-AF56ECCA0E24} = {F66322FA-C8C7-4BA9-A8AC-31B4284C5937}
		{349A6849-DDD1-4EB7-8E02-30DD7E45209E} = {0DACD291-0352-4C71-A97B-18BF3E866B52}
		{34385A24-DEC4-438D-A203-5A203BAE2829} = {7FB43FA6-BA4F-4EE7-AFBD-D40ACDE4B4E7}
		{C9E852E2-9FCA-4C4D-B7F3-E9D0EF1C5355} = {4EEEC1A0-C833-4CE8-B584-1F2DAFA3CD05}
		{DDAC07FD-CA67-4E33-874E-3AA794ECF37F} = {4F93CA27-4A94-47A5-B32B-B83C38EBAD64}
	EndGlobalSection
	GlobalSection(ExtensibilityGlobals) = postSolution
		SolutionGuid = {D685C5F5-91A2-483A-91C2-DFC031D4BC4D}
	EndGlobalSection
EndGlobal
